hash: 2b8debf7936e789545da367433ddbf5f0e3bb54658340d6a412970bca25e6335
updated: 2018-02-05T16:11:44.616743+01:00
imports:
- name: github.com/golang/snappy
  version: 553a641470496b2327abcac10b36396bd98e45c9
- name: github.com/syndtr/goleveldb
  version: 211f780988068502fe874c44dae530528ebd840f
  subpackages:
  - leveldb
  - leveldb/cache
  - leveldb/comparer
  - leveldb/errors
  - leveldb/filter
  - leveldb/iterator
  - leveldb/journal
  - leveldb/memdb
  - leveldb/opt
  - leveldb/storage
  - leveldb/table
  - leveldb/util
testImports: []
