# This file is autogenerated, do not edit; changes may be undone by the next 'dep ensure'.


[[projects]]
  branch = "master"
  digest = "1:6a4c3eb799262645ef273acaf96bf25545682b05a4830759fa91ddf6e6bbe05a"
  name = "github.com/anthdm/rfc6979"
  packages = ["."]
  pruneopts = "UT"
  revision = "6a90f24967ebb1aa57b22f74a13dbb3faad8cf3d"

[[projects]]
  digest = "1:a2c1d0e43bd3baaa071d1b9ed72c27d78169b2b269f71c105ac4ba34b1be4a39"
  name = "github.com/davecgh/go-spew"
  packages = ["spew"]
  pruneopts = "UT"
  revision = "346938d642f2ec3594ed81d874461961cd0faa76"
  version = "v1.1.0"

[[projects]]
  digest = "1:6361fc2f37f6a779924d408a955883db8ae02255a26473517b03cd0a80f8cdd5"
  name = "github.com/go-redis/redis"
  packages = [
    ".",
    "internal",
    "internal/consistenthash",
    "internal/hashtag",
    "internal/pool",
    "internal/proto",
    "internal/singleflight",
    "internal/util",
  ]
  pruneopts = "UT"
  revision = "877867d2845fbaf86798befe410b6ceb6f5c29a3"
  version = "v6.10.2"

[[projects]]
  digest = "1:2a81c6e126d36ad027328cffaa4888fc3be40f09dc48028d1f93705b718130b9"
  name = "github.com/go-yaml/yaml"
  packages = ["."]
  pruneopts = "UT"
  revision = "7f97868eec74b32b0982dd158a51a446d1da7eb5"
  version = "v2.1.1"

[[projects]]
  branch = "master"
  digest = "1:29a5ab9fa9e845fd8e8726f31b187d710afd271ef1eb32085fe3d604b7e06382"
  name = "github.com/golang/snappy"
  packages = ["."]
  pruneopts = "UT"
  revision = "553a641470496b2327abcac10b36396bd98e45c9"

[[projects]]
  digest = "1:40e195917a951a8bf867cd05de2a46aaf1806c50cf92eebf4c16f78cd196f747"
  name = "github.com/pkg/errors"
  packages = ["."]
  pruneopts = "UT"
  revision = "645ef00459ed84a119197bfb8d8205042c6df63d"
  version = "v0.8.0"

[[projects]]
  digest = "1:0028cb19b2e4c3112225cd871870f2d9cf49b9b4276531f03438a88e94be86fe"
  name = "github.com/pmezard/go-difflib"
  packages = ["difflib"]
  pruneopts = "UT"
  revision = "792786c7400a136282c1664665ae0a8db921c6c2"
  version = "v1.0.0"

[[projects]]
  digest = "1:9e9193aa51197513b3abcb108970d831fbcf40ef96aa845c4f03276e1fa316d2"
  name = "github.com/sirupsen/logrus"
  packages = ["."]
  pruneopts = "UT"
  revision = "c155da19408a8799da419ed3eeb0cb5db0ad5dbc"
  version = "v1.0.5"

[[projects]]
  digest = "1:7e8d267900c7fa7f35129a2a37596e38ed0f11ca746d6d9ba727980ee138f9f6"
  name = "github.com/stretchr/testify"
  packages = [
    "assert",
    "require",
  ]
  pruneopts = "UT"
  revision = "12b6f73e6084dad08a7c6e575284b177ecafbc71"
  version = "v1.2.1"

[[projects]]
  branch = "master"
  digest = "1:54c5cf40673a32664cda38495c4aad9fca860c53b75dfe0e94d029751920ccec"
  name = "github.com/syndtr/goleveldb"
  packages = [
    "leveldb",
    "leveldb/cache",
    "leveldb/comparer",
    "leveldb/errors",
    "leveldb/filter",
    "leveldb/iterator",
    "leveldb/journal",
    "leveldb/memdb",
    "leveldb/opt",
    "leveldb/storage",
    "leveldb/table",
    "leveldb/util",
  ]
  pruneopts = "UT"
  revision = "169b1b37be738edb2813dab48c97a549bcf99bb5"

[[projects]]
  digest = "1:b24d38b282bacf9791408a080f606370efa3d364e4b5fd9ba0f7b87786d3b679"
  name = "github.com/urfave/cli"
  packages = ["."]
  pruneopts = "UT"
  revision = "cfb38830724cc34fedffe9a2a29fb54fa9169cd1"
  version = "v1.20.0"

[[projects]]
  branch = "master"
  digest = "1:4ace8274b4272d3537cd1ba84fc8da31e0038350bc8fce34b11d419f3da8e369"
  name = "golang.org/x/crypto"
  packages = [
    "pbkdf2",
    "ripemd160",
    "scrypt",
    "ssh/terminal",
  ]
  pruneopts = "UT"
  revision = "374053ea96cb300f8671b8d3b07edeeb06e203b4"

[[projects]]
  branch = "master"
  digest = "1:b67fb09eb3d3c8026356f78ca24a1a74d8c551f60746fe647a6f1cedf460abbd"
  name = "golang.org/x/sys"
  packages = [
    "unix",
    "windows",
  ]
  pruneopts = "UT"
  revision = "2f1e207ee39ff70f3433e49c6eb52677a515e3b5"

[[projects]]
  digest = "1:8029e9743749d4be5bc9f7d42ea1659471767860f0cdc34d37c3111bd308a295"
  name = "golang.org/x/text"
  packages = [
    "internal/gen",
    "internal/triegen",
    "internal/ucd",
    "transform",
    "unicode/cldr",
    "unicode/norm",
  ]
  pruneopts = "UT"
  revision = "f21a4dfb5e38f5895301dc265a8def02365cc3d0"
  version = "v0.3.0"

[[projects]]
  branch = "master"
  digest = "1:3bb904aa43844ed7773faff747e121d8ff37c32c552f8c88f107160831d32f59"
  name = "golang.org/x/tools"
  packages = [
    "go/ast/astutil",
    "go/buildutil",
    "go/loader",
  ]
  pruneopts = "UT"
  revision = "96caea41033df6f8c3974c845ab094f8ec3bd345"

[solve-meta]
  analyzer-name = "dep"
  analyzer-version = 1
  input-imports = [
    "github.com/anthdm/rfc6979",
    "github.com/go-redis/redis",
    "github.com/go-yaml/yaml",
    "github.com/pkg/errors",
    "github.com/sirupsen/logrus",
    "github.com/stretchr/testify/assert",
    "github.com/stretchr/testify/require",
    "github.com/syndtr/goleveldb/leveldb",
    "github.com/syndtr/goleveldb/leveldb/opt",
    "github.com/syndtr/goleveldb/leveldb/util",
    "github.com/urfave/cli",
    "golang.org/x/crypto/ripemd160",
    "golang.org/x/crypto/scrypt",
    "golang.org/x/text/unicode/norm",
    "golang.org/x/tools/go/loader",
  ]
  solver-name = "gps-cdcl"
  solver-version = 1
